
Microsoft Visual Studio Solution File, Format Version 12.00
# Visual Studio Version 16
VisualStudioVersion = 16.0.29411.108
MinimumVisualStudioVersion = 10.0.40219.1
Project("{8BC9CEB8-8B4A-11D0-8D11-00A0C91BC942}") = "KinectStarterPack", "KinectStarterPack\KinectStarterPack.vcxproj", "{FEB39DFE-F4FF-4C8F-BEEB-7FBAEB958DBC}"
EndProject
Global
	GlobalSection(SolutionConfigurationPlatforms) = preSolution
		Debug|x64 = Debug|x64
		Debug|x86 = Debug|x86
		Release|x64 = Release|x64
		Release|x86 = Release|x86
	EndGlobalSection
	GlobalSection(ProjectConfigurationPlatforms) = postSolution
		{FEB39DFE-F4FF-4C8F-BEEB-7FBAEB958DBC}.Debug|x64.ActiveCfg = Debug|x64
		{FEB39DFE-F4FF-4C8F-BEEB-7FBAEB958DBC}.Debug|x64.Build.0 = Debug|x64
		{FEB39DFE-F4FF-4C8F-BEEB-7FBAEB958DBC}.Debug|x86.ActiveCfg = Debug|Win32
		{FEB39DFE-F4FF-4C8F-BEEB-7FBAEB958DBC}.Debug|x86.Build.0 = Debug|Win32
		{FEB39DFE-F4FF-4C8F-BEEB-7FBAEB958DBC}.Release|x64.ActiveCfg = Release|x64
		{FEB39DFE-F4FF-4C8F-BEEB-7FBAEB958DBC}.Release|x64.Build.0 = Release|x64
		{FEB39DFE-F4FF-4C8F-BEEB-7FBAEB958DBC}.Release|x86.ActiveCfg = Release|Win32
		{FEB39DFE-F4FF-4C8F-BEEB-7FBAEB958DBC}.Release|x86.Build.0 = Release|Win32
	EndGlobalSection
	GlobalSection(SolutionProperties) = preSolution
		HideSolutionNode = FALSE
	EndGlobalSection
	GlobalSection(ExtensibilityGlobals) = postSolution
		SolutionGuid = {A227033B-40EA-4A01-B909-A4BB383C3BD2}
	EndGlobalSection
EndGlobal
